
Microsoft Visual Studio Solution File, Format Version 12.00
# Visual Studio Version 17
VisualStudioVersion = 17.0.31912.275
MinimumVisualStudioVersion = 10.0.40219.1
Project("{FAE04EC0-301F-11D3-BF4B-00C04F79EFBC}") = "RedGrim.App", "RedGrim.App\RedGrim.App.csproj", "{1FC3C2CF-0537-4A4C-B81E-240477107B55}"
EndProject
Project("{FAE04EC0-301F-11D3-BF4B-00C04F79EFBC}") = "RedGrim.Mobile.UWP", "RedGrim.Mobile\RedGrim.Mobile.UWP\RedGrim.Mobile.UWP.csproj", "{A292C366-DAA3-4C2A-B733-07F18951186F}"
EndProject
Project("{FAE04EC0-301F-11D3-BF4B-00C04F79EFBC}") = "RedGrim.Mobile.Android", "RedGrim.Mobile\RedGrim.Mobile.Android\RedGrim.Mobile.Android.csproj", "{19AA37A8-D53F-4083-B943-7409760ADD7C}"
EndProject
Project("{FAE04EC0-301F-11D3-BF4B-00C04F79EFBC}") = "RedGrim.Mobile.iOS", "RedGrim.Mobile\RedGrim.Mobile.iOS\RedGrim.Mobile.iOS.csproj", "{BFF67D90-84FB-4601-99AD-1EC6856FA04C}"
EndProject
Project("{9A19103F-16F7-4668-BE54-9A1E7A4F7556}") = "RedGrim.Mobile", "RedGrim.Mobile\RedGrim.Mobile\RedGrim.Mobile.csproj", "{BEB06E1F-55BC-4876-847C-D99BF4F5E6CA}"
EndProject
Project("{FAE04EC0-301F-11D3-BF4B-00C04F79EFBC}") = "UwpBluetoothObd", "UwpBluetoothObd\UwpBluetoothObd.csproj", "{B87C8B4C-03F6-4BD7-A1C4-832856DDC60D}"
EndProject
Project("{2150E333-8FDC-42A3-9474-1A3956D46DE8}") = "RedGrim_Aux", "RedGrim_Aux", "{2D5A1FCC-AAE8-4EA0-8144-23492491571D}"
	ProjectSection(SolutionItems) = preProject
		RedGrim_Aux\RedGrim_Aux.ino = RedGrim_Aux\RedGrim_Aux.ino
	EndProjectSection
EndProject
Global
	GlobalSection(SolutionConfigurationPlatforms) = preSolution
		Debug|Any CPU = Debug|Any CPU
		Debug|ARM = Debug|ARM
		Debug|ARM64 = Debug|ARM64
		Debug|iPhone = Debug|iPhone
		Debug|iPhoneSimulator = Debug|iPhoneSimulator
		Debug|x64 = Debug|x64
		Debug|x86 = Debug|x86
		Release|Any CPU = Release|Any CPU
		Release|ARM = Release|ARM
		Release|ARM64 = Release|ARM64
		Release|iPhone = Release|iPhone
		Release|iPhoneSimulator = Release|iPhoneSimulator
		Release|x64 = Release|x64
		Release|x86 = Release|x86
	EndGlobalSection
	GlobalSection(ProjectConfigurationPlatforms) = postSolution
		{1FC3C2CF-0537-4A4C-B81E-240477107B55}.Debug|Any CPU.ActiveCfg = Debug|x86
		{1FC3C2CF-0537-4A4C-B81E-240477107B55}.Debug|Any CPU.Build.0 = Debug|x86
		{1FC3C2CF-0537-4A4C-B81E-240477107B55}.Debug|Any CPU.Deploy.0 = Debug|x86
		{1FC3C2CF-0537-4A4C-B81E-240477107B55}.Debug|ARM.ActiveCfg = Debug|ARM
		{1FC3C2CF-0537-4A4C-B81E-240477107B55}.Debug|ARM.Build.0 = Debug|ARM
		{1FC3C2CF-0537-4A4C-B81E-240477107B55}.Debug|ARM.Deploy.0 = Debug|ARM
		{1FC3C2CF-0537-4A4C-B81E-240477107B55}.Debug|ARM64.ActiveCfg = Debug|ARM64
		{1FC3C2CF-0537-4A4C-B81E-240477107B55}.Debug|ARM64.Build.0 = Debug|ARM64
		{1FC3C2CF-0537-4A4C-B81E-240477107B55}.Debug|ARM64.Deploy.0 = Debug|ARM64
		{1FC3C2CF-0537-4A4C-B81E-240477107B55}.Debug|iPhone.ActiveCfg = Debug|x86
		{1FC3C2CF-0537-4A4C-B81E-240477107B55}.Debug|iPhoneSimulator.ActiveCfg = Debug|x86
		{1FC3C2CF-0537-4A4C-B81E-240477107B55}.Debug|x64.ActiveCfg = Debug|x64
		{1FC3C2CF-0537-4A4C-B81E-240477107B55}.Debug|x64.Build.0 = Debug|x64
		{1FC3C2CF-0537-4A4C-B81E-240477107B55}.Debug|x64.Deploy.0 = Debug|x64
		{1FC3C2CF-0537-4A4C-B81E-240477107B55}.Debug|x86.ActiveCfg = Debug|x86
		{1FC3C2CF-0537-4A4C-B81E-240477107B55}.Debug|x86.Build.0 = Debug|x86
		{1FC3C2CF-0537-4A4C-B81E-240477107B55}.Debug|x86.Deploy.0 = Debug|x86
		{1FC3C2CF-0537-4A4C-B81E-240477107B55}.Release|Any CPU.ActiveCfg = Release|x86
		{1FC3C2CF-0537-4A4C-B81E-240477107B55}.Release|ARM.ActiveCfg = Release|ARM
		{1FC3C2CF-0537-4A4C-B81E-240477107B55}.Release|ARM.Build.0 = Release|ARM
		{1FC3C2CF-0537-4A4C-B81E-240477107B55}.Release|ARM.Deploy.0 = Release|ARM
		{1FC3C2CF-0537-4A4C-B81E-240477107B55}.Release|ARM64.ActiveCfg = Release|ARM64
		{1FC3C2CF-0537-4A4C-B81E-240477107B55}.Release|ARM64.Build.0 = Release|ARM64
		{1FC3C2CF-0537-4A4C-B81E-240477107B55}.Release|ARM64.Deploy.0 = Release|ARM64
		{1FC3C2CF-0537-4A4C-B81E-240477107B55}.Release|iPhone.ActiveCfg = Release|x86
		{1FC3C2CF-0537-4A4C-B81E-240477107B55}.Release|iPhoneSimulator.ActiveCfg = Release|x86
		{1FC3C2CF-0537-4A4C-B81E-240477107B55}.Release|x64.ActiveCfg = Release|x64
		{1FC3C2CF-0537-4A4C-B81E-240477107B55}.Release|x64.Build.0 = Release|x64
		{1FC3C2CF-0537-4A4C-B81E-240477107B55}.Release|x64.Deploy.0 = Release|x64
		{1FC3C2CF-0537-4A4C-B81E-240477107B55}.Release|x86.ActiveCfg = Release|x86
		{1FC3C2CF-0537-4A4C-B81E-240477107B55}.Release|x86.Build.0 = Release|x86
		{1FC3C2CF-0537-4A4C-B81E-240477107B55}.Release|x86.Deploy.0 = Release|x86
		{A292C366-DAA3-4C2A-B733-07F18951186F}.Debug|Any CPU.ActiveCfg = Debug|x86
		{A292C366-DAA3-4C2A-B733-07F18951186F}.Debug|Any CPU.Build.0 = Debug|x86
		{A292C366-DAA3-4C2A-B733-07F18951186F}.Debug|Any CPU.Deploy.0 = Debug|x86
		{A292C366-DAA3-4C2A-B733-07F18951186F}.Debug|ARM.ActiveCfg = Debug|ARM
		{A292C366-DAA3-4C2A-B733-07F18951186F}.Debug|ARM.Build.0 = Debug|ARM
		{A292C366-DAA3-4C2A-B733-07F18951186F}.Debug|ARM.Deploy.0 = Debug|ARM
		{A292C366-DAA3-4C2A-B733-07F18951186F}.Debug|ARM64.ActiveCfg = Debug|x86
		{A292C366-DAA3-4C2A-B733-07F18951186F}.Debug|iPhone.ActiveCfg = Debug|x86
		{A292C366-DAA3-4C2A-B733-07F18951186F}.Debug|iPhoneSimulator.ActiveCfg = Debug|x86
		{A292C366-DAA3-4C2A-B733-07F18951186F}.Debug|x64.ActiveCfg = Debug|x64
		{A292C366-DAA3-4C2A-B733-07F18951186F}.Debug|x64.Build.0 = Debug|x64
		{A292C366-DAA3-4C2A-B733-07F18951186F}.Debug|x64.Deploy.0 = Debug|x64
		{A292C366-DAA3-4C2A-B733-07F18951186F}.Debug|x86.ActiveCfg = Debug|x86
		{A292C366-DAA3-4C2A-B733-07F18951186F}.Debug|x86.Build.0 = Debug|x86
		{A292C366-DAA3-4C2A-B733-07F18951186F}.Debug|x86.Deploy.0 = Debug|x86
		{A292C366-DAA3-4C2A-B733-07F18951186F}.Release|Any CPU.ActiveCfg = Release|x86
		{A292C366-DAA3-4C2A-B733-07F18951186F}.Release|ARM.ActiveCfg = Release|ARM
		{A292C366-DAA3-4C2A-B733-07F18951186F}.Release|ARM.Build.0 = Release|ARM
		{A292C366-DAA3-4C2A-B733-07F18951186F}.Release|ARM.Deploy.0 = Release|ARM
		{A292C366-DAA3-4C2A-B733-07F18951186F}.Release|ARM64.ActiveCfg = Release|x86
		{A292C366-DAA3-4C2A-B733-07F18951186F}.Release|iPhone.ActiveCfg = Release|x86
		{A292C366-DAA3-4C2A-B733-07F18951186F}.Release|iPhoneSimulator.ActiveCfg = Release|x86
		{A292C366-DAA3-4C2A-B733-07F18951186F}.Release|x64.ActiveCfg = Release|x64
		{A292C366-DAA3-4C2A-B733-07F18951186F}.Release|x64.Build.0 = Release|x64
		{A292C366-DAA3-4C2A-B733-07F18951186F}.Release|x64.Deploy.0 = Release|x64
		{A292C366-DAA3-4C2A-B733-07F18951186F}.Release|x86.ActiveCfg = Release|x86
		{A292C366-DAA3-4C2A-B733-07F18951186F}.Release|x86.Build.0 = Release|x86
		{A292C366-DAA3-4C2A-B733-07F18951186F}.Release|x86.Deploy.0 = Release|x86
		{19AA37A8-D53F-4083-B943-7409760ADD7C}.Debug|Any CPU.ActiveCfg = Debug|Any CPU
		{19AA37A8-D53F-4083-B943-7409760ADD7C}.Debug|Any CPU.Build.0 = Debug|Any CPU
		{19AA37A8-D53F-4083-B943-7409760ADD7C}.Debug|Any CPU.Deploy.0 = Debug|Any CPU
		{19AA37A8-D53F-4083-B943-7409760ADD7C}.Debug|ARM.ActiveCfg = Debug|Any CPU
		{19AA37A8-D53F-4083-B943-7409760ADD7C}.Debug|ARM.Build.0 = Debug|Any CPU
		{19AA37A8-D53F-4083-B943-7409760ADD7C}.Debug|ARM.Deploy.0 = Debug|Any CPU
		{19AA37A8-D53F-4083-B943-7409760ADD7C}.Debug|ARM64.ActiveCfg = Debug|Any CPU
		{19AA37A8-D53F-4083-B943-7409760ADD7C}.Debug|ARM64.Build.0 = Debug|Any CPU
		{19AA37A8-D53F-4083-B943-7409760ADD7C}.Debug|ARM64.Deploy.0 = Debug|Any CPU
		{19AA37A8-D53F-4083-B943-7409760ADD7C}.Debug|iPhone.ActiveCfg = Debug|Any CPU
		{19AA37A8-D53F-4083-B943-7409760ADD7C}.Debug|iPhone.Build.0 = Debug|Any CPU
		{19AA37A8-D53F-4083-B943-7409760ADD7C}.Debug|iPhone.Deploy.0 = Debug|Any CPU
		{19AA37A8-D53F-4083-B943-7409760ADD7C}.Debug|iPhoneSimulator.ActiveCfg = Debug|Any CPU
		{19AA37A8-D53F-4083-B943-7409760ADD7C}.Debug|iPhoneSimulator.Build.0 = Debug|Any CPU
		{19AA37A8-D53F-4083-B943-7409760ADD7C}.Debug|iPhoneSimulator.Deploy.0 = Debug|Any CPU
		{19AA37A8-D53F-4083-B943-7409760ADD7C}.Debug|x64.ActiveCfg = Debug|Any CPU
		{19AA37A8-D53F-4083-B943-7409760ADD7C}.Debug|x64.Build.0 = Debug|Any CPU
		{19AA37A8-D53F-4083-B943-7409760ADD7C}.Debug|x64.Deploy.0 = Debug|Any CPU
		{19AA37A8-D53F-4083-B943-7409760ADD7C}.Debug|x86.ActiveCfg = Debug|Any CPU
		{19AA37A8-D53F-4083-B943-7409760ADD7C}.Debug|x86.Build.0 = Debug|Any CPU
		{19AA37A8-D53F-4083-B943-7409760ADD7C}.Debug|x86.Deploy.0 = Debug|Any CPU
		{19AA37A8-D53F-4083-B943-7409760ADD7C}.Release|Any CPU.ActiveCfg = Release|Any CPU
		{19AA37A8-D53F-4083-B943-7409760ADD7C}.Release|Any CPU.Build.0 = Release|Any CPU
		{19AA37A8-D53F-4083-B943-7409760ADD7C}.Release|Any CPU.Deploy.0 = Release|Any CPU
		{19AA37A8-D53F-4083-B943-7409760ADD7C}.Release|ARM.ActiveCfg = Release|Any CPU
		{19AA37A8-D53F-4083-B943-7409760ADD7C}.Release|ARM.Build.0 = Release|Any CPU
		{19AA37A8-D53F-4083-B943-7409760ADD7C}.Release|ARM.Deploy.0 = Release|Any CPU
		{19AA37A8-D53F-4083-B943-7409760ADD7C}.Release|ARM64.ActiveCfg = Release|Any CPU
		{19AA37A8-D53F-4083-B943-7409760ADD7C}.Release|ARM64.Build.0 = Release|Any CPU
		{19AA37A8-D53F-4083-B943-7409760ADD7C}.Release|ARM64.Deploy.0 = Release|Any CPU
		{19AA37A8-D53F-4083-B943-7409760ADD7C}.Release|iPhone.ActiveCfg = Release|Any CPU
		{19AA37A8-D53F-4083-B943-7409760ADD7C}.Release|iPhone.Build.0 = Release|Any CPU
		{19AA37A8-D53F-4083-B943-7409760ADD7C}.Release|iPhone.Deploy.0 = Release|Any CPU
		{19AA37A8-D53F-4083-B943-7409760ADD7C}.Release|iPhoneSimulator.ActiveCfg = Release|Any CPU
		{19AA37A8-D53F-4083-B943-7409760ADD7C}.Release|iPhoneSimulator.Build.0 = Release|Any CPU
		{19AA37A8-D53F-4083-B943-7409760ADD7C}.Release|iPhoneSimulator.Deploy.0 = Release|Any CPU
		{19AA37A8-D53F-4083-B943-7409760ADD7C}.Release|x64.ActiveCfg = Release|Any CPU
		{19AA37A8-D53F-4083-B943-7409760ADD7C}.Release|x64.Build.0 = Release|Any CPU
		{19AA37A8-D53F-4083-B943-7409760ADD7C}.Release|x64.Deploy.0 = Release|Any CPU
		{19AA37A8-D53F-4083-B943-7409760ADD7C}.Release|x86.ActiveCfg = Release|Any CPU
		{19AA37A8-D53F-4083-B943-7409760ADD7C}.Release|x86.Build.0 = Release|Any CPU
		{19AA37A8-D53F-4083-B943-7409760ADD7C}.Release|x86.Deploy.0 = Release|Any CPU
		{BFF67D90-84FB-4601-99AD-1EC6856FA04C}.Debug|Any CPU.ActiveCfg = Debug|iPhoneSimulator
		{BFF67D90-84FB-4601-99AD-1EC6856FA04C}.Debug|ARM.ActiveCfg = Debug|iPhoneSimulator
		{BFF67D90-84FB-4601-99AD-1EC6856FA04C}.Debug|ARM64.ActiveCfg = Debug|iPhoneSimulator
		{BFF67D90-84FB-4601-99AD-1EC6856FA04C}.Debug|iPhone.ActiveCfg = Debug|iPhone
		{BFF67D90-84FB-4601-99AD-1EC6856FA04C}.Debug|iPhone.Build.0 = Debug|iPhone
		{BFF67D90-84FB-4601-99AD-1EC6856FA04C}.Debug|iPhoneSimulator.ActiveCfg = Debug|iPhoneSimulator
		{BFF67D90-84FB-4601-99AD-1EC6856FA04C}.Debug|iPhoneSimulator.Build.0 = Debug|iPhoneSimulator
		{BFF67D90-84FB-4601-99AD-1EC6856FA04C}.Debug|x64.ActiveCfg = Debug|iPhoneSimulator
		{BFF67D90-84FB-4601-99AD-1EC6856FA04C}.Debug|x86.ActiveCfg = Debug|iPhoneSimulator
		{BFF67D90-84FB-4601-99AD-1EC6856FA04C}.Release|Any CPU.ActiveCfg = Release|iPhoneSimulator
		{BFF67D90-84FB-4601-99AD-1EC6856FA04C}.Release|ARM.ActiveCfg = Release|iPhoneSimulator
		{BFF67D90-84FB-4601-99AD-1EC6856FA04C}.Release|ARM64.ActiveCfg = Release|iPhoneSimulator
		{BFF67D90-84FB-4601-99AD-1EC6856FA04C}.Release|iPhone.ActiveCfg = Release|iPhone
		{BFF67D90-84FB-4601-99AD-1EC6856FA04C}.Release|iPhone.Build.0 = Release|iPhone
		{BFF67D90-84FB-4601-99AD-1EC6856FA04C}.Release|iPhoneSimulator.ActiveCfg = Release|iPhoneSimulator
		{BFF67D90-84FB-4601-99AD-1EC6856FA04C}.Release|iPhoneSimulator.Build.0 = Release|iPhoneSimulator
		{BFF67D90-84FB-4601-99AD-1EC6856FA04C}.Release|x64.ActiveCfg = Release|iPhoneSimulator
		{BFF67D90-84FB-4601-99AD-1EC6856FA04C}.Release|x86.ActiveCfg = Release|iPhoneSimulator
		{BEB06E1F-55BC-4876-847C-D99BF4F5E6CA}.Debug|Any CPU.ActiveCfg = Debug|Any CPU
		{BEB06E1F-55BC-4876-847C-D99BF4F5E6CA}.Debug|Any CPU.Build.0 = Debug|Any CPU
		{BEB06E1F-55BC-4876-847C-D99BF4F5E6CA}.Debug|ARM.ActiveCfg = Debug|Any CPU
		{BEB06E1F-55BC-4876-847C-D99BF4F5E6CA}.Debug|ARM.Build.0 = Debug|Any CPU
		{BEB06E1F-55BC-4876-847C-D99BF4F5E6CA}.Debug|ARM64.ActiveCfg = Debug|Any CPU
		{BEB06E1F-55BC-4876-847C-D99BF4F5E6CA}.Debug|ARM64.Build.0 = Debug|Any CPU
		{BEB06E1F-55BC-4876-847C-D99BF4F5E6CA}.Debug|iPhone.ActiveCfg = Debug|Any CPU
		{BEB06E1F-55BC-4876-847C-D99BF4F5E6CA}.Debug|iPhone.Build.0 = Debug|Any CPU
		{BEB06E1F-55BC-4876-847C-D99BF4F5E6CA}.Debug|iPhoneSimulator.ActiveCfg = Debug|Any CPU
		{BEB06E1F-55BC-4876-847C-D99BF4F5E6CA}.Debug|iPhoneSimulator.Build.0 = Debug|Any CPU
		{BEB06E1F-55BC-4876-847C-D99BF4F5E6CA}.Debug|x64.ActiveCfg = Debug|Any CPU
		{BEB06E1F-55BC-4876-847C-D99BF4F5E6CA}.Debug|x64.Build.0 = Debug|Any CPU
		{BEB06E1F-55BC-4876-847C-D99BF4F5E6CA}.Debug|x86.ActiveCfg = Debug|Any CPU
		{BEB06E1F-55BC-4876-847C-D99BF4F5E6CA}.Debug|x86.Build.0 = Debug|Any CPU
		{BEB06E1F-55BC-4876-847C-D99BF4F5E6CA}.Release|Any CPU.ActiveCfg = Release|Any CPU
		{BEB06E1F-55BC-4876-847C-D99BF4F5E6CA}.Release|Any CPU.Build.0 = Release|Any CPU
		{BEB06E1F-55BC-4876-847C-D99BF4F5E6CA}.Release|ARM.ActiveCfg = Release|Any CPU
		{BEB06E1F-55BC-4876-847C-D99BF4F5E6CA}.Release|ARM.Build.0 = Release|Any CPU
		{BEB06E1F-55BC-4876-847C-D99BF4F5E6CA}.Release|ARM64.ActiveCfg = Release|Any CPU
		{BEB06E1F-55BC-4876-847C-D99BF4F5E6CA}.Release|ARM64.Build.0 = Release|Any CPU
		{BEB06E1F-55BC-4876-847C-D99BF4F5E6CA}.Release|iPhone.ActiveCfg = Release|Any CPU
		{BEB06E1F-55BC-4876-847C-D99BF4F5E6CA}.Release|iPhone.Build.0 = Release|Any CPU
		{BEB06E1F-55BC-4876-847C-D99BF4F5E6CA}.Release|iPhoneSimulator.ActiveCfg = Release|Any CPU
		{BEB06E1F-55BC-4876-847C-D99BF4F5E6CA}.Release|iPhoneSimulator.Build.0 = Release|Any CPU
		{BEB06E1F-55BC-4876-847C-D99BF4F5E6CA}.Release|x64.ActiveCfg = Release|Any CPU
		{BEB06E1F-55BC-4876-847C-D99BF4F5E6CA}.Release|x64.Build.0 = Release|Any CPU
		{BEB06E1F-55BC-4876-847C-D99BF4F5E6CA}.Release|x86.ActiveCfg = Release|Any CPU
		{BEB06E1F-55BC-4876-847C-D99BF4F5E6CA}.Release|x86.Build.0 = Release|Any CPU
		{B87C8B4C-03F6-4BD7-A1C4-832856DDC60D}.Debug|Any CPU.ActiveCfg = Debug|x86
		{B87C8B4C-03F6-4BD7-A1C4-832856DDC60D}.Debug|ARM.ActiveCfg = Debug|ARM
		{B87C8B4C-03F6-4BD7-A1C4-832856DDC60D}.Debug|ARM.Build.0 = Debug|ARM
		{B87C8B4C-03F6-4BD7-A1C4-832856DDC60D}.Debug|ARM.Deploy.0 = Debug|ARM
		{B87C8B4C-03F6-4BD7-A1C4-832856DDC60D}.Debug|ARM64.ActiveCfg = Debug|x86
		{B87C8B4C-03F6-4BD7-A1C4-832856DDC60D}.Debug|iPhone.ActiveCfg = Debug|x86
		{B87C8B4C-03F6-4BD7-A1C4-832856DDC60D}.Debug|iPhoneSimulator.ActiveCfg = Debug|x86
		{B87C8B4C-03F6-4BD7-A1C4-832856DDC60D}.Debug|x64.ActiveCfg = Debug|x64
		{B87C8B4C-03F6-4BD7-A1C4-832856DDC60D}.Debug|x64.Build.0 = Debug|x64
		{B87C8B4C-03F6-4BD7-A1C4-832856DDC60D}.Debug|x64.Deploy.0 = Debug|x64
		{B87C8B4C-03F6-4BD7-A1C4-832856DDC60D}.Debug|x86.ActiveCfg = Debug|x86
		{B87C8B4C-03F6-4BD7-A1C4-832856DDC60D}.Debug|x86.Build.0 = Debug|x86
		{B87C8B4C-03F6-4BD7-A1C4-832856DDC60D}.Debug|x86.Deploy.0 = Debug|x86
		{B87C8B4C-03F6-4BD7-A1C4-832856DDC60D}.Release|Any CPU.ActiveCfg = Release|x86
		{B87C8B4C-03F6-4BD7-A1C4-832856DDC60D}.Release|ARM.ActiveCfg = Release|ARM
		{B87C8B4C-03F6-4BD7-A1C4-832856DDC60D}.Release|ARM.Build.0 = Release|ARM
		{B87C8B4C-03F6-4BD7-A1C4-832856DDC60D}.Release|ARM.Deploy.0 = Release|ARM
		{B87C8B4C-03F6-4BD7-A1C4-832856DDC60D}.Release|ARM64.ActiveCfg = Release|x86
		{B87C8B4C-03F6-4BD7-A1C4-832856DDC60D}.Release|iPhone.ActiveCfg = Release|x86
		{B87C8B4C-03F6-4BD7-A1C4-832856DDC60D}.Release|iPhoneSimulator.ActiveCfg = Release|x86
		{B87C8B4C-03F6-4BD7-A1C4-832856DDC60D}.Release|x64.ActiveCfg = Release|x64
		{B87C8B4C-03F6-4BD7-A1C4-832856DDC60D}.Release|x64.Build.0 = Release|x64
		{B87C8B4C-03F6-4BD7-A1C4-832856DDC60D}.Release|x64.Deploy.0 = Release|x64
		{B87C8B4C-03F6-4BD7-A1C4-832856DDC60D}.Release|x86.ActiveCfg = Release|x86
		{B87C8B4C-03F6-4BD7-A1C4-832856DDC60D}.Release|x86.Build.0 = Release|x86
		{B87C8B4C-03F6-4BD7-A1C4-832856DDC60D}.Release|x86.Deploy.0 = Release|x86
	EndGlobalSection
	GlobalSection(SolutionProperties) = preSolution
		HideSolutionNode = FALSE
	EndGlobalSection
	GlobalSection(ExtensibilityGlobals) = postSolution
		SolutionGuid = {E00AC047-3E28-4FDA-9065-DCDC607CF9DF}
	EndGlobalSection
EndGlobal
